
Microsoft Visual Studio Solution File, Format Version 12.00
# Visual Studio Version 17
VisualStudioVersion = 17.13.35931.197 d17.13
MinimumVisualStudioVersion = 10.0.40219.1
Project("{FAE04EC0-301F-11D3-BF4B-00C04F79EFBC}") = "MigraineTrackerApp", "MigraineTrackerApp\MigraineTrackerApp.csproj", "{66C59570-0193-470B-B54C-D9BB7BF02D55}"
EndProject
Global
	GlobalSection(SolutionConfigurationPlatforms) = preSolution
		Debug|Any CPU = Debug|Any CPU
		Release|Any CPU = Release|Any CPU
	EndGlobalSection
	GlobalSection(ProjectConfigurationPlatforms) = postSolution
		{66C59570-0193-470B-B54C-D9BB7BF02D55}.Debug|Any CPU.ActiveCfg = Debug|Any CPU
		{66C59570-0193-470B-B54C-D9BB7BF02D55}.Debug|Any CPU.Build.0 = Debug|Any CPU
		{66C59570-0193-470B-B54C-D9BB7BF02D55}.Release|Any CPU.ActiveCfg = Release|Any CPU
		{66C59570-0193-470B-B54C-D9BB7BF02D55}.Release|Any CPU.Build.0 = Release|Any CPU
	EndGlobalSection
	GlobalSection(SolutionProperties) = preSolution
		HideSolutionNode = FALSE
	EndGlobalSection
	GlobalSection(ExtensibilityGlobals) = postSolution
		SolutionGuid = {F411F709-2D2A-4B4B-8613-04857B4E8565}
	EndGlobalSection
EndGlobal
